
Microsoft Visual Studio Solution File, Format Version 12.00
# Visual Studio 15
Project("{FAE04EC0-301F-11D3-BF4B-00C04F79EFBC}") = "Assembly-CSharp", "Assembly-CSharp.csproj", "{4143E64B-3801-7340-631F-0E6F2547117B}"
EndProject
Project("{FAE04EC0-301F-11D3-BF4B-00C04F79EFBC}") = "Assembly-CSharp-Editor", "Assembly-CSharp-Editor.csproj", "{CC645A98-80FF-E5CD-ED21-17C80894F819}"
EndProject
Global
	GlobalSection(SolutionConfigurationPlatforms) = preSolution
		Debug|Any CPU = Debug|Any CPU
		Release|Any CPU = Release|Any CPU
	EndGlobalSection
	GlobalSection(ProjectConfigurationPlatforms) = postSolution
		{4143E64B-3801-7340-631F-0E6F2547117B}.Debug|Any CPU.ActiveCfg = Debug|Any CPU
		{4143E64B-3801-7340-631F-0E6F2547117B}.Debug|Any CPU.Build.0 = Debug|Any CPU
		{4143E64B-3801-7340-631F-0E6F2547117B}.Release|Any CPU.ActiveCfg = Release|Any CPU
		{4143E64B-3801-7340-631F-0E6F2547117B}.Release|Any CPU.Build.0 = Release|Any CPU
		{CC645A98-80FF-E5CD-ED21-17C80894F819}.Debug|Any CPU.ActiveCfg = Debug|Any CPU
		{CC645A98-80FF-E5CD-ED21-17C80894F819}.Debug|Any CPU.Build.0 = Debug|Any CPU
		{CC645A98-80FF-E5CD-ED21-17C80894F819}.Release|Any CPU.ActiveCfg = Release|Any CPU
		{CC645A98-80FF-E5CD-ED21-17C80894F819}.Release|Any CPU.Build.0 = Release|Any CPU
	EndGlobalSection
	GlobalSection(SolutionProperties) = preSolution
		HideSolutionNode = FALSE
	EndGlobalSection
EndGlobal
